
Microsoft Visual Studio Solution File, Format Version 12.00
# Visual Studio Version 16
VisualStudioVersion = 16.0.31624.102
MinimumVisualStudioVersion = 10.0.40219.1
Project("{FAE04EC0-301F-11D3-BF4B-00C04F79EFBC}") = "LibraryEntity", "LibraryEntity\LibraryEntity.csproj", "{12757F21-CB4F-499D-9469-0C6429DECA1C}"
EndProject
Project("{FAE04EC0-301F-11D3-BF4B-00C04F79EFBC}") = "LibraryApp.UI", "LibraryApp.UI\LibraryApp.UI.csproj", "{57409AC8-3269-484E-A65A-18E7273F0824}"
EndProject
Global
	GlobalSection(SolutionConfigurationPlatforms) = preSolution
		Debug|Any CPU = Debug|Any CPU
		Release|Any CPU = Release|Any CPU
	EndGlobalSection
	GlobalSection(ProjectConfigurationPlatforms) = postSolution
		{12757F21-CB4F-499D-9469-0C6429DECA1C}.Debug|Any CPU.ActiveCfg = Debug|Any CPU
		{12757F21-CB4F-499D-9469-0C6429DECA1C}.Debug|Any CPU.Build.0 = Debug|Any CPU
		{12757F21-CB4F-499D-9469-0C6429DECA1C}.Release|Any CPU.ActiveCfg = Release|Any CPU
		{12757F21-CB4F-499D-9469-0C6429DECA1C}.Release|Any CPU.Build.0 = Release|Any CPU
		{57409AC8-3269-484E-A65A-18E7273F0824}.Debug|Any CPU.ActiveCfg = Debug|Any CPU
		{57409AC8-3269-484E-A65A-18E7273F0824}.Debug|Any CPU.Build.0 = Debug|Any CPU
		{57409AC8-3269-484E-A65A-18E7273F0824}.Release|Any CPU.ActiveCfg = Release|Any CPU
		{57409AC8-3269-484E-A65A-18E7273F0824}.Release|Any CPU.Build.0 = Release|Any CPU
	EndGlobalSection
	GlobalSection(SolutionProperties) = preSolution
		HideSolutionNode = FALSE
	EndGlobalSection
	GlobalSection(ExtensibilityGlobals) = postSolution
		SolutionGuid = {4D29A744-B719-4A21-B7C0-65D4781429A6}
	EndGlobalSection
EndGlobal
